
Microsoft Visual Studio Solution File, Format Version 12.00
# Visual Studio Version 17
VisualStudioVersion = 17.8.34408.163
MinimumVisualStudioVersion = 10.0.40219.1
Project("{FAE04EC0-301F-11D3-BF4B-00C04F79EFBC}") = "TestTaskLibrary", "TestTaskLibrary\TestTaskLibrary.csproj", "{7A0A626E-4A33-4638-AD62-A9CD0269AC6F}"
EndProject
Project("{FAE04EC0-301F-11D3-BF4B-00C04F79EFBC}") = "TestTaskWebInterface", "TestTaskWebInterface\TestTaskWebInterface.csproj", "{C8E13F7C-9786-41CD-96BD-02BA2E7F9DA0}"
EndProject
Project("{FAE04EC0-301F-11D3-BF4B-00C04F79EFBC}") = "TestTaskConsoleTest", "TestTaskConsoleTest\TestTaskConsoleTest.csproj", "{BA0F9DEC-5627-45A1-AF53-DCFDFABA43AE}"
	ProjectSection(ProjectDependencies) = postProject
		{7A0A626E-4A33-4638-AD62-A9CD0269AC6F} = {7A0A626E-4A33-4638-AD62-A9CD0269AC6F}
	EndProjectSection
EndProject
Global
	GlobalSection(SolutionConfigurationPlatforms) = preSolution
		Debug|Any CPU = Debug|Any CPU
		Release|Any CPU = Release|Any CPU
	EndGlobalSection
	GlobalSection(ProjectConfigurationPlatforms) = postSolution
		{7A0A626E-4A33-4638-AD62-A9CD0269AC6F}.Debug|Any CPU.ActiveCfg = Debug|Any CPU
		{7A0A626E-4A33-4638-AD62-A9CD0269AC6F}.Debug|Any CPU.Build.0 = Debug|Any CPU
		{7A0A626E-4A33-4638-AD62-A9CD0269AC6F}.Release|Any CPU.ActiveCfg = Release|Any CPU
		{7A0A626E-4A33-4638-AD62-A9CD0269AC6F}.Release|Any CPU.Build.0 = Release|Any CPU
		{C8E13F7C-9786-41CD-96BD-02BA2E7F9DA0}.Debug|Any CPU.ActiveCfg = Debug|Any CPU
		{C8E13F7C-9786-41CD-96BD-02BA2E7F9DA0}.Debug|Any CPU.Build.0 = Debug|Any CPU
		{C8E13F7C-9786-41CD-96BD-02BA2E7F9DA0}.Release|Any CPU.ActiveCfg = Release|Any CPU
		{C8E13F7C-9786-41CD-96BD-02BA2E7F9DA0}.Release|Any CPU.Build.0 = Release|Any CPU
		{BA0F9DEC-5627-45A1-AF53-DCFDFABA43AE}.Debug|Any CPU.ActiveCfg = Debug|Any CPU
		{BA0F9DEC-5627-45A1-AF53-DCFDFABA43AE}.Debug|Any CPU.Build.0 = Debug|Any CPU
		{BA0F9DEC-5627-45A1-AF53-DCFDFABA43AE}.Release|Any CPU.ActiveCfg = Release|Any CPU
		{BA0F9DEC-5627-45A1-AF53-DCFDFABA43AE}.Release|Any CPU.Build.0 = Release|Any CPU
	EndGlobalSection
	GlobalSection(SolutionProperties) = preSolution
		HideSolutionNode = FALSE
	EndGlobalSection
	GlobalSection(ExtensibilityGlobals) = postSolution
		SolutionGuid = {FD5151DC-930E-4160-83B2-803C923C3DC1}
	EndGlobalSection
EndGlobal
